
Microsoft Visual Studio Solution File, Format Version 12.00
# Visual Studio Version 17
VisualStudioVersion = 17.6.33723.286
MinimumVisualStudioVersion = 10.0.40219.1
Project("{8BC9CEB8-8B4A-11D0-8D11-00A0C91BC942}") = "test", "test\test.vcxproj", "{E011FC9F-B662-4C29-BE3D-27A79D077830}"
EndProject
Global
	GlobalSection(SolutionConfigurationPlatforms) = preSolution
		Debug|x64 = Debug|x64
		Debug|x86 = Debug|x86
		Release|x64 = Release|x64
		Release|x86 = Release|x86
	EndGlobalSection
	GlobalSection(ProjectConfigurationPlatforms) = postSolution
		{E011FC9F-B662-4C29-BE3D-27A79D077830}.Debug|x64.ActiveCfg = Debug|x64
		{E011FC9F-B662-4C29-BE3D-27A79D077830}.Debug|x64.Build.0 = Debug|x64
		{E011FC9F-B662-4C29-BE3D-27A79D077830}.Debug|x86.ActiveCfg = Debug|Win32
		{E011FC9F-B662-4C29-BE3D-27A79D077830}.Debug|x86.Build.0 = Debug|Win32
		{E011FC9F-B662-4C29-BE3D-27A79D077830}.Release|x64.ActiveCfg = Release|x64
		{E011FC9F-B662-4C29-BE3D-27A79D077830}.Release|x64.Build.0 = Release|x64
		{E011FC9F-B662-4C29-BE3D-27A79D077830}.Release|x86.ActiveCfg = Release|Win32
		{E011FC9F-B662-4C29-BE3D-27A79D077830}.Release|x86.Build.0 = Release|Win32
	EndGlobalSection
	GlobalSection(SolutionProperties) = preSolution
		HideSolutionNode = FALSE
	EndGlobalSection
	GlobalSection(ExtensibilityGlobals) = postSolution
		SolutionGuid = {422CBACB-E36B-4FB0-9767-CAC7BB163454}
	EndGlobalSection
EndGlobal
